{
  "nodes": {
    "nixpkgs": {
      "locked": {
        "lastModified": 1777268161,
        "narHash": "sha256-bxrdOn8SCOv8tN4JbTF/TXq7kjo9ag4M+C8yzzIRYbE=",
        "owner": "NixOS",
        "repo": "nixpkgs",
        "rev": "1c3fe55ad329cbcb28471bb30f05c9827f724c76",
        "type": "github"
      },
      "original": {
        "owner": "NixOS",
        "ref": "nixos-unstable",
        "repo": "nixpkgs",
        "type": "github"
      }
    },
    "root": {
      "inputs": {
        "nixpkgs": "nixpkgs",
        "specs": "specs"
      }
    },
    "specs": {
      "inputs": {
        "nixpkgs": [
          "nixpkgs"
        ]
      },
      "locked": {
        "lastModified": 1779535200,
        "narHash": "sha256-0G505pRUaTqNXmMqG9ECkYNZ5ku54STVxseHydVQE0s=",
        "ref": "refs/heads/main",
        "rev": "35e1e6840a7c8a9d49eeb8f94c8c91e196d88eb6",
        "revCount": 156,
        "type": "git",
        "url": "file:///home/nixos/repos/specs"
      },
      "original": {
        "ref": "refs/heads/main",
        "rev": "35e1e6840a7c8a9d49eeb8f94c8c91e196d88eb6",
        "type": "git",
        "url": "file:///home/nixos/repos/specs"
      }
    }
  },
  "root": "root",
  "version": 7
}
