{
  "nodes": {
    "governance": {
      "flake": false,
      "locked": {
        "lastModified": 1781151610,
        "narHash": "sha256-n/Kuk4RDjTH3HVLH1vgfAUx6VDMQFy0HRBkTFMvQ730=",
        "ref": "refs/heads/claude/governance-unification-260611",
        "rev": "14d2560c4a1fa676844bb827d5eb10d0230282c2",
        "revCount": 8,
        "type": "git",
        "url": "file:///home/nixos/repos/governance"
      },
      "original": {
        "ref": "refs/heads/claude/governance-unification-260611",
        "rev": "14d2560c4a1fa676844bb827d5eb10d0230282c2",
        "type": "git",
        "url": "file:///home/nixos/repos/governance"
      }
    },
    "nixpkgs": {
      "locked": {
        "lastModified": 1777268161,
        "narHash": "sha256-bxrdOn8SCOv8tN4JbTF/TXq7kjo9ag4M+C8yzzIRYbE=",
        "owner": "NixOS",
        "repo": "nixpkgs",
        "rev": "1c3fe55ad329cbcb28471bb30f05c9827f724c76",
        "type": "github"
      },
      "original": {
        "owner": "NixOS",
        "ref": "nixos-unstable",
        "repo": "nixpkgs",
        "type": "github"
      }
    },
    "nodejs-src": {
      "flake": false,
      "locked": {
        "lastModified": 1780219051,
        "narHash": "sha256-NiSZXr7eYvoMC6VX9e08DXd7OrKAIE0TPs9Yxg0zPSs=",
        "ref": "refs/tags/v26.3.0",
        "rev": "b7e6a5d37e7a14ef0f2cc95214b95d66c4081415",
        "revCount": 46972,
        "type": "git",
        "url": "https://github.com/nodejs/node"
      },
      "original": {
        "ref": "refs/tags/v26.3.0",
        "rev": "b7e6a5d37e7a14ef0f2cc95214b95d66c4081415",
        "type": "git",
        "url": "https://github.com/nodejs/node"
      }
    },
    "ops-build-defs": {
      "inputs": {
        "nixpkgs": [
          "nixpkgs"
        ]
      },
      "locked": {
        "path": "./packages/ops-build-defs",
        "type": "path"
      },
      "original": {
        "path": "./packages/ops-build-defs",
        "type": "path"
      },
      "parent": []
    },
    "root": {
      "inputs": {
        "governance": "governance",
        "nixpkgs": "nixpkgs",
        "nodejs-src": "nodejs-src",
        "ops-build-defs": "ops-build-defs"
      }
    }
  },
  "root": "root",
  "version": 7
}
