{
  "nodes": {
    "adrsRecords": {
      "flake": false,
      "locked": {
        "path": "./fixtures/adrsRecords",
        "type": "path"
      },
      "original": {
        "path": "./fixtures/adrsRecords",
        "type": "path"
      },
      "parent": []
    },
    "controlUi": {
      "inputs": {
        "governance": "governance",
        "nixpkgs": [
          "nixpkgs"
        ]
      },
      "locked": {
        "lastModified": 1789532311,
        "narHash": "sha256-6YfG7jp2jbSJ+O5okIrPp7AvoZe7kOuTyCohY7Z3/1c=",
        "owner": "roccho-dev",
        "repo": "ui",
        "rev": "11f59ce617a1b9382c49f1de444a6b938ebb687e",
        "type": "github"
      },
      "original": {
        "owner": "roccho-dev",
        "repo": "ui",
        "rev": "11f59ce617a1b9382c49f1de444a6b938ebb687e",
        "type": "github"
      }
    },
    "conventionGovernance": {
      "inputs": {
        "adrsRecords": [
          "adrsRecords"
        ],
        "nixpkgs": "nixpkgs",
        "uiLib": "uiLib"
      },
      "locked": {
        "lastModified": 1788122774,
        "narHash": "sha256-Qi3RFuemanxd8f522RVkng71YRGwyJK1l6P1Q4/AaXo=",
        "owner": "roccho-dev",
        "repo": "governance",
        "rev": "7160e56aa8dbafaff4b98cc21fc4842d6600daf6",
        "type": "github"
      },
      "original": {
        "owner": "roccho-dev",
        "ref": "proposals",
        "repo": "governance",
        "type": "github"
      }
    },
    "governance": {
      "flake": false,
      "locked": {
        "lastModified": 1784326418,
        "narHash": "sha256-9zI0ek9wfA2m4JVWrlhBWVBZhmXRGuDKZRJyqC/0y4g=",
        "owner": "roccho-dev",
        "repo": "governance",
        "rev": "987d430bc18cffa92e12e33bb37ba97779042472",
        "type": "github"
      },
      "original": {
        "owner": "roccho-dev",
        "ref": "proposals",
        "repo": "governance",
        "type": "github"
      }
    },
    "governance_2": {
      "flake": false,
      "locked": {
        "lastModified": 1788122774,
        "narHash": "sha256-Qi3RFuemanxd8f522RVkng71YRGwyJK1l6P1Q4/AaXo=",
        "owner": "roccho-dev",
        "repo": "governance",
        "rev": "7160e56aa8dbafaff4b98cc21fc4842d6600daf6",
        "type": "github"
      },
      "original": {
        "owner": "roccho-dev",
        "ref": "proposals",
        "repo": "governance",
        "type": "github"
      }
    },
    "nixpkgs": {
      "locked": {
        "lastModified": 1780749050,
        "narHash": "sha256-3av0pIjlOWQ6rDbNOmpUSvbNnJkGORQKKjb4LtCZsIY=",
        "owner": "NixOS",
        "repo": "nixpkgs",
        "rev": "a799d3e3886da994fa307f817a6bc705ae538eeb",
        "type": "github"
      },
      "original": {
        "owner": "NixOS",
        "ref": "nixos-unstable",
        "repo": "nixpkgs",
        "type": "github"
      }
    },
    "nixpkgs_2": {
      "locked": {
        "lastModified": 1777268161,
        "narHash": "sha256-bxrdOn8SCOv8tN4JbTF/TXq7kjo9ag4M+C8yzzIRYbE=",
        "owner": "NixOS",
        "repo": "nixpkgs",
        "rev": "1c3fe55ad329cbcb28471bb30f05c9827f724c76",
        "type": "github"
      },
      "original": {
        "owner": "NixOS",
        "ref": "nixos-unstable",
        "repo": "nixpkgs",
        "type": "github"
      }
    },
    "nodejs-src": {
      "flake": false,
      "locked": {
        "lastModified": 1780219051,
        "narHash": "sha256-NiSZXr7eYvoMC6VX9e08DXd7OrKAIE0TPs9Yxg0zPSs=",
        "ref": "refs/tags/v26.3.0",
        "rev": "b7e6a5d37e7a14ef0f2cc95214b95d66c4081415",
        "revCount": 46972,
        "type": "git",
        "url": "https://github.com/nodejs/node"
      },
      "original": {
        "ref": "refs/tags/v26.3.0",
        "rev": "b7e6a5d37e7a14ef0f2cc95214b95d66c4081415",
        "type": "git",
        "url": "https://github.com/nodejs/node"
      }
    },
    "ops-build-defs": {
      "inputs": {
        "nixpkgs": [
          "nixpkgs"
        ]
      },
      "locked": {
        "path": "./packages/ops-build-defs",
        "type": "path"
      },
      "original": {
        "path": "./packages/ops-build-defs",
        "type": "path"
      },
      "parent": []
    },
    "root": {
      "inputs": {
        "adrsRecords": "adrsRecords",
        "controlUi": "controlUi",
        "conventionGovernance": "conventionGovernance",
        "governance": "governance_2",
        "nixpkgs": "nixpkgs_2",
        "nodejs-src": "nodejs-src",
        "ops-build-defs": "ops-build-defs"
      }
    },
    "uiLib": {
      "flake": false,
      "locked": {
        "lastModified": 1789351799,
        "narHash": "sha256-yi/yA+tJ5FMmtBHDxItB17h7rC+h5eBny8LhKYiTBY8=",
        "owner": "roccho-dev",
        "repo": "ui",
        "rev": "a9a4f981715d1813c34f3c7e181a0fabb4a1fb39",
        "type": "github"
      },
      "original": {
        "owner": "roccho-dev",
        "ref": "proposals",
        "repo": "ui",
        "type": "github"
      }
    }
  },
  "root": "root",
  "version": 7
}
